
Microsoft Visual Studio Solution File, Format Version 12.00
# Visual Studio Version 17
VisualStudioVersion = 17.2.32616.157
MinimumVisualStudioVersion = 10.0.40219.1
Project("{FAE04EC0-301F-11D3-BF4B-00C04F79EFBC}") = "Day 3", "CodeOfAdvent2021\Day 3.csproj", "{1D23C92E-3571-4AB0-A207-A66D7AC35E39}"
EndProject
Project("{9A19103F-16F7-4668-BE54-9A1E7A4F7556}") = "Day 4", "Day 4\Day 4.csproj", "{1FF86173-DEC4-458E-ACBD-0A592AD59221}"
EndProject
Project("{FAE04EC0-301F-11D3-BF4B-00C04F79EFBC}") = "Day 5", "Day 5\Day 5.csproj", "{FF6F5EB5-14C7-4AE8-9265-6AA20CFB42D8}"
EndProject
Project("{FAE04EC0-301F-11D3-BF4B-00C04F79EFBC}") = "Day 6", "Day 6\Day 6.csproj", "{5F16F932-699E-4477-B148-B56B2999C4A1}"
EndProject
Project("{FAE04EC0-301F-11D3-BF4B-00C04F79EFBC}") = "Day 7", "Day 7\Day 7.csproj", "{A278D055-C62C-4370-A572-B1D1408CB667}"
EndProject
Project("{FAE04EC0-301F-11D3-BF4B-00C04F79EFBC}") = "Day 8", "Day 8\Day 8.csproj", "{EA90E0B1-CF20-4A22-AD60-1FB44A49A70B}"
EndProject
Global
	GlobalSection(SolutionConfigurationPlatforms) = preSolution
		Debug|Any CPU = Debug|Any CPU
		Release|Any CPU = Release|Any CPU
	EndGlobalSection
	GlobalSection(ProjectConfigurationPlatforms) = postSolution
		{1D23C92E-3571-4AB0-A207-A66D7AC35E39}.Debug|Any CPU.ActiveCfg = Debug|Any CPU
		{1D23C92E-3571-4AB0-A207-A66D7AC35E39}.Debug|Any CPU.Build.0 = Debug|Any CPU
		{1D23C92E-3571-4AB0-A207-A66D7AC35E39}.Release|Any CPU.ActiveCfg = Release|Any CPU
		{1D23C92E-3571-4AB0-A207-A66D7AC35E39}.Release|Any CPU.Build.0 = Release|Any CPU
		{1FF86173-DEC4-458E-ACBD-0A592AD59221}.Debug|Any CPU.ActiveCfg = Debug|Any CPU
		{1FF86173-DEC4-458E-ACBD-0A592AD59221}.Debug|Any CPU.Build.0 = Debug|Any CPU
		{1FF86173-DEC4-458E-ACBD-0A592AD59221}.Release|Any CPU.ActiveCfg = Release|Any CPU
		{1FF86173-DEC4-458E-ACBD-0A592AD59221}.Release|Any CPU.Build.0 = Release|Any CPU
		{FF6F5EB5-14C7-4AE8-9265-6AA20CFB42D8}.Debug|Any CPU.ActiveCfg = Debug|Any CPU
		{FF6F5EB5-14C7-4AE8-9265-6AA20CFB42D8}.Debug|Any CPU.Build.0 = Debug|Any CPU
		{FF6F5EB5-14C7-4AE8-9265-6AA20CFB42D8}.Release|Any CPU.ActiveCfg = Release|Any CPU
		{FF6F5EB5-14C7-4AE8-9265-6AA20CFB42D8}.Release|Any CPU.Build.0 = Release|Any CPU
		{5F16F932-699E-4477-B148-B56B2999C4A1}.Debug|Any CPU.ActiveCfg = Debug|Any CPU
		{5F16F932-699E-4477-B148-B56B2999C4A1}.Debug|Any CPU.Build.0 = Debug|Any CPU
		{5F16F932-699E-4477-B148-B56B2999C4A1}.Release|Any CPU.ActiveCfg = Release|Any CPU
		{5F16F932-699E-4477-B148-B56B2999C4A1}.Release|Any CPU.Build.0 = Release|Any CPU
		{A278D055-C62C-4370-A572-B1D1408CB667}.Debug|Any CPU.ActiveCfg = Debug|Any CPU
		{A278D055-C62C-4370-A572-B1D1408CB667}.Debug|Any CPU.Build.0 = Debug|Any CPU
		{A278D055-C62C-4370-A572-B1D1408CB667}.Release|Any CPU.ActiveCfg = Release|Any CPU
		{A278D055-C62C-4370-A572-B1D1408CB667}.Release|Any CPU.Build.0 = Release|Any CPU
		{EA90E0B1-CF20-4A22-AD60-1FB44A49A70B}.Debug|Any CPU.ActiveCfg = Debug|Any CPU
		{EA90E0B1-CF20-4A22-AD60-1FB44A49A70B}.Debug|Any CPU.Build.0 = Debug|Any CPU
		{EA90E0B1-CF20-4A22-AD60-1FB44A49A70B}.Release|Any CPU.ActiveCfg = Release|Any CPU
		{EA90E0B1-CF20-4A22-AD60-1FB44A49A70B}.Release|Any CPU.Build.0 = Release|Any CPU
	EndGlobalSection
	GlobalSection(SolutionProperties) = preSolution
		HideSolutionNode = FALSE
	EndGlobalSection
	GlobalSection(ExtensibilityGlobals) = postSolution
		SolutionGuid = {8CC27A8B-4770-46FD-B679-82512792681A}
	EndGlobalSection
EndGlobal
